
Microsoft Visual Studio Solution File, Format Version 12.00
# Visual Studio Version 17
VisualStudioVersion = 17.11.35208.52
MinimumVisualStudioVersion = 10.0.40219.1
Project("{FAE04EC0-301F-11D3-BF4B-00C04F79EFBC}") = "ConsoleApp2", "ConsoleApp2\ConsoleApp2.csproj", "{E63659CB-4C08-44AE-8228-79116A819E66}"
EndProject
Global
	GlobalSection(SolutionConfigurationPlatforms) = preSolution
		Debug|Any CPU = Debug|Any CPU
		Release|Any CPU = Release|Any CPU
	EndGlobalSection
	GlobalSection(ProjectConfigurationPlatforms) = postSolution
		{E63659CB-4C08-44AE-8228-79116A819E66}.Debug|Any CPU.ActiveCfg = Debug|Any CPU
		{E63659CB-4C08-44AE-8228-79116A819E66}.Debug|Any CPU.Build.0 = Debug|Any CPU
		{E63659CB-4C08-44AE-8228-79116A819E66}.Release|Any CPU.ActiveCfg = Release|Any CPU
		{E63659CB-4C08-44AE-8228-79116A819E66}.Release|Any CPU.Build.0 = Release|Any CPU
	EndGlobalSection
	GlobalSection(SolutionProperties) = preSolution
		HideSolutionNode = FALSE
	EndGlobalSection
	GlobalSection(ExtensibilityGlobals) = postSolution
		SolutionGuid = {AD9E85F3-725B-424A-9C8F-A565E4C18F6D}
	EndGlobalSection
EndGlobal
